
Microsoft Visual Studio Solution File, Format Version 12.00
# Visual Studio 2012
Project("{FAE04EC0-301F-11D3-BF4B-00C04F79EFBC}") = "01.Vending machine", "Zadachi\01.Vending machine.csproj", "{439FB518-79ED-4E9B-8DE9-0C67541F756A}"
EndProject
Project("{FAE04EC0-301F-11D3-BF4B-00C04F79EFBC}") = "02.Drunken numbers", "ConsoleApplication1\02.Drunken numbers.csproj", "{E7B68515-3247-4D6A-8935-67A7114B14DE}"
EndProject
Project("{FAE04EC0-301F-11D3-BF4B-00C04F79EFBC}") = "02.DN Nakov", "ConsoleApplication2\02.DN Nakov.csproj", "{0965F375-F942-47BC-97D0-DF8F6357F752}"
EndProject
Project("{FAE04EC0-301F-11D3-BF4B-00C04F79EFBC}") = "02.DN Jordan", "ConsoleApplication3\02.DN Jordan.csproj", "{96C57D05-7B9C-45F2-B3BA-D5D4D31DEC5B}"
EndProject
Project("{FAE04EC0-301F-11D3-BF4B-00C04F79EFBC}") = "03.Bulls Arrays", "ConsoleApplication4\03.Bulls Arrays.csproj", "{F6CFE7D3-B4B3-4D16-9050-BFEE5985FB7F}"
EndProject
Project("{FAE04EC0-301F-11D3-BF4B-00C04F79EFBC}") = "03.Bulls and cows", "ConsoleApplication5\03.Bulls and cows.csproj", "{541590E1-4C75-43D0-83B5-38DD9E4DE1A3}"
EndProject
Project("{FAE04EC0-301F-11D3-BF4B-00C04F79EFBC}") = "04.Fire in Matrix", "ConsoleApplication6\04.Fire in Matrix.csproj", "{82D4BCA5-6968-4EFF-AD50-7C5E803E3528}"
EndProject
Project("{FAE04EC0-301F-11D3-BF4B-00C04F79EFBC}") = "05.Neuron mapping", "ConsoleApplication7\05.Neuron mapping.csproj", "{EA57BEA8-4DF8-474A-B1B5-83900AA6CD51}"
EndProject
Project("{FAE04EC0-301F-11D3-BF4B-00C04F79EFBC}") = "01.Printing", "01.Printing\01.Printing.csproj", "{2F404B97-9EBE-40A6-9D41-919B0A7BBF14}"
EndProject
Project("{FAE04EC0-301F-11D3-BF4B-00C04F79EFBC}") = "02.Text to number", "02.Text to number\02.Text to number.csproj", "{FCE2B9EE-D61D-4767-AA01-17932B6C0042}"
EndProject
Project("{FAE04EC0-301F-11D3-BF4B-00C04F79EFBC}") = "03.Saddy copper", "03.Saddy copper\03.Saddy copper.csproj", "{CBCC3CD3-1E57-4898-B72E-E3CE1A9DFCCF}"
EndProject
Project("{FAE04EC0-301F-11D3-BF4B-00C04F79EFBC}") = "04.Cube", "04.Cube\04.Cube.csproj", "{479DD7F2-4D56-4146-8557-99A62A775EED}"
EndProject
Project("{FAE04EC0-301F-11D3-BF4B-00C04F79EFBC}") = "05.Bits to bits", "05.Bits to bits\05.Bits to bits.csproj", "{4A45FC84-ADE2-411A-BA68-F20B5920B779}"
EndProject
Project("{FAE04EC0-301F-11D3-BF4B-00C04F79EFBC}") = "01.3 numbers", "01.3 numbers\01.3 numbers.csproj", "{1D1CB143-1B81-471B-8077-442CAFDA27B8}"
EndProject
Project("{FAE04EC0-301F-11D3-BF4B-00C04F79EFBC}") = "02.Decoding", "02.Decoding\02.Decoding.csproj", "{011B95FB-7A7D-4949-B2CB-ADD4DDAE9727}"
EndProject
Project("{FAE04EC0-301F-11D3-BF4B-00C04F79EFBC}") = "03.ConsoleAplication1", "03.ConsoleAplication1\03.ConsoleAplication1.csproj", "{9ABE5AB8-FF56-4039-9E68-5818F5A1C41F}"
EndProject
Project("{FAE04EC0-301F-11D3-BF4B-00C04F79EFBC}") = "04.Persian rugs", "04.Persian rugs\04.Persian rugs.csproj", "{8F85E9B0-8D05-4B2F-9ED7-F6AE04D9C1F6}"
EndProject
Project("{FAE04EC0-301F-11D3-BF4B-00C04F79EFBC}") = "05.Search in bits", "05.Search in bits\05.Search in bits.csproj", "{81BEF6A5-B98C-47A7-AD3E-7CB4B9307848}"
EndProject
Project("{FAE04EC0-301F-11D3-BF4B-00C04F79EFBC}") = "ConsoleApplication9", "ConsoleApplication9\ConsoleApplication9.csproj", "{7BB0D369-42EE-46FF-B9BB-4D5CE334FCD7}"
EndProject
Project("{FAE04EC0-301F-11D3-BF4B-00C04F79EFBC}") = "01.Money", "01.Money\01.Money.csproj", "{FE3A420A-9B7B-4BA4-A6FE-2E16D0F1A381}"
EndProject
Project("{FAE04EC0-301F-11D3-BF4B-00C04F79EFBC}") = "02.EncodingSum", "02.EncodingSum\02.EncodingSum.csproj", "{43F15DEC-67B5-4329-B063-D164F13852A4}"
EndProject
Project("{FAE04EC0-301F-11D3-BF4B-00C04F79EFBC}") = "03.Maslancho", "02.Maslancho\03.Maslancho.csproj", "{D2E4F1E1-74C4-4107-917B-DBA3BDBC0FA3}"
EndProject
Project("{FAE04EC0-301F-11D3-BF4B-00C04F79EFBC}") = "04.Cube3D", "04.Cube3D\04.Cube3D.csproj", "{46EEA9F4-3543-495B-BCD8-5BD3410A902F}"
EndProject
Project("{FAE04EC0-301F-11D3-BF4B-00C04F79EFBC}") = "05.Sequence of bits", "05.Sequence of bits\05.Sequence of bits.csproj", "{797D4CEC-4761-4BB5-96EB-02867E7B632A}"
EndProject
Project("{FAE04EC0-301F-11D3-BF4B-00C04F79EFBC}") = "04.ExRugs", "04.ExRugs\04.ExRugs.csproj", "{EDA57141-B9C3-49CB-AD62-3FFC8ADFA320}"
EndProject
Project("{FAE04EC0-301F-11D3-BF4B-00C04F79EFBC}") = "01.Gardens", "01.Gardens\01.Gardens.csproj", "{40F12E40-F18C-4D88-BEDB-1E1B928FCDDF}"
EndProject
Project("{FAE04EC0-301F-11D3-BF4B-00C04F79EFBC}") = "02.Secrets", "02.Secrets\02.Secrets.csproj", "{DC241756-B63E-4411-BE09-C13D6F430111}"
EndProject
Project("{FAE04EC0-301F-11D3-BF4B-00C04F79EFBC}") = "03.Card wars", "03.Card wars\03.Card wars.csproj", "{EBF8925D-F9D3-41E2-B673-DED909ADDBFF}"
EndProject
Project("{FAE04EC0-301F-11D3-BF4B-00C04F79EFBC}") = "04.Bat Goiko Tower", "04.Bat Goiko Tower\04.Bat Goiko Tower.csproj", "{58DF278D-9510-45DE-AEF0-4FDA2D851571}"
EndProject
Project("{FAE04EC0-301F-11D3-BF4B-00C04F79EFBC}") = "05.GameOfPage", "05.GameOfPage\05.GameOfPage.csproj", "{EBE30F85-7FB4-4761-9437-2B8DE49E359E}"
EndProject
Project("{FAE04EC0-301F-11D3-BF4B-00C04F79EFBC}") = "04.UK flag", "04.UK flag\04.UK flag.csproj", "{7D8AF735-C421-4FBC-B3AF-FECFC7A4615D}"
EndProject
Project("{FAE04EC0-301F-11D3-BF4B-00C04F79EFBC}") = "04.DiamondTrolls", "04.DiamondTrolls\04.DiamondTrolls.csproj", "{E9A01F9D-D9EA-4A2A-B2AF-291E8A241C8E}"
EndProject
Project("{FAE04EC0-301F-11D3-BF4B-00C04F79EFBC}") = "01.American pie", "01.American pie\01.American pie.csproj", "{0D35F1A3-CE30-43E1-BC0A-3514557561F0}"
EndProject
Project("{FAE04EC0-301F-11D3-BF4B-00C04F79EFBC}") = "01.PieceOfCake", "01.PieceOfCake\01.PieceOfCake.csproj", "{D69CB5B3-71D7-48C0-AE83-6A5CBACBE85C}"
EndProject
Project("{FAE04EC0-301F-11D3-BF4B-00C04F79EFBC}") = "02.AngryFemaleGPS", "02.AngryFemaleGPS\02.AngryFemaleGPS.csproj", "{DC2E3945-5288-4345-A1FE-5A430F76721C}"
EndProject
Project("{FAE04EC0-301F-11D3-BF4B-00C04F79EFBC}") = "04.Eggcellent", "04.Eggcellent\04.Eggcellent.csproj", "{661C1774-978A-46C6-9916-B3B1B89D2317}"
EndProject
Project("{FAE04EC0-301F-11D3-BF4B-00C04F79EFBC}") = "03.OnesAndZeroes", "03.OnesAndZeroes\03.OnesAndZeroes.csproj", "{FDA8495E-B81F-417B-8EFA-AB17284E5497}"
EndProject
Project("{FAE04EC0-301F-11D3-BF4B-00C04F79EFBC}") = "Diamond", "ConsoleApplication11\Diamond.csproj", "{99B08C5D-9745-459B-A2F3-61EEF5328F7E}"
EndProject
Project("{FAE04EC0-301F-11D3-BF4B-00C04F79EFBC}") = "01.369", "01.369\01.369.csproj", "{AC8B5914-8171-4C03-9B1D-793CB4F32B19}"
EndProject
Project("{FAE04EC0-301F-11D3-BF4B-00C04F79EFBC}") = "02.TheHorror", "02.TheHorror\02.TheHorror.csproj", "{8AD33D07-D2CB-4985-BA78-6E9C5B6A8679}"
EndProject
Project("{FAE04EC0-301F-11D3-BF4B-00C04F79EFBC}") = "03.Expression", "03.Expression\03.Expression.csproj", "{8ED8BDF8-4A24-4FF6-8813-D669B4239017}"
EndProject
Project("{FAE04EC0-301F-11D3-BF4B-00C04F79EFBC}") = "05.Warhead", "05.Warhead\05.Warhead.csproj", "{58937760-CCF6-4177-93FC-3D57A383FDB4}"
EndProject
Project("{FAE04EC0-301F-11D3-BF4B-00C04F79EFBC}") = "05.Neurons", "05.Neurons\05.Neurons.csproj", "{9FA21413-8A6F-41D2-94D6-3C75242327A7}"
EndProject
Project("{FAE04EC0-301F-11D3-BF4B-00C04F79EFBC}") = "02.MissCat2011", "02.MissCat2011\02.MissCat2011.csproj", "{2AF4AA64-F783-428F-A98B-F28D185F3574}"
EndProject
Project("{FAE04EC0-301F-11D3-BF4B-00C04F79EFBC}") = "04.FirTree", "04.FirTree\04.FirTree.csproj", "{C3F11A92-62C5-44CA-AFA1-52F75D446B3B}"
EndProject
Project("{FAE04EC0-301F-11D3-BF4B-00C04F79EFBC}") = "02.Astrological digits", "02.Astrological digits\02.Astrological digits.csproj", "{0E6D3B93-8A59-4B01-AB8A-032DDC41C059}"
EndProject
Global
	GlobalSection(SolutionConfigurationPlatforms) = preSolution
		Debug|Any CPU = Debug|Any CPU
		Release|Any CPU = Release|Any CPU
	EndGlobalSection
	GlobalSection(ProjectConfigurationPlatforms) = postSolution
		{439FB518-79ED-4E9B-8DE9-0C67541F756A}.Debug|Any CPU.ActiveCfg = Debug|Any CPU
		{439FB518-79ED-4E9B-8DE9-0C67541F756A}.Debug|Any CPU.Build.0 = Debug|Any CPU
		{439FB518-79ED-4E9B-8DE9-0C67541F756A}.Release|Any CPU.ActiveCfg = Release|Any CPU
		{439FB518-79ED-4E9B-8DE9-0C67541F756A}.Release|Any CPU.Build.0 = Release|Any CPU
		{E7B68515-3247-4D6A-8935-67A7114B14DE}.Debug|Any CPU.ActiveCfg = Debug|Any CPU
		{E7B68515-3247-4D6A-8935-67A7114B14DE}.Debug|Any CPU.Build.0 = Debug|Any CPU
		{E7B68515-3247-4D6A-8935-67A7114B14DE}.Release|Any CPU.ActiveCfg = Release|Any CPU
		{E7B68515-3247-4D6A-8935-67A7114B14DE}.Release|Any CPU.Build.0 = Release|Any CPU
		{0965F375-F942-47BC-97D0-DF8F6357F752}.Debug|Any CPU.ActiveCfg = Debug|Any CPU
		{0965F375-F942-47BC-97D0-DF8F6357F752}.Debug|Any CPU.Build.0 = Debug|Any CPU
		{0965F375-F942-47BC-97D0-DF8F6357F752}.Release|Any CPU.ActiveCfg = Release|Any CPU
		{0965F375-F942-47BC-97D0-DF8F6357F752}.Release|Any CPU.Build.0 = Release|Any CPU
		{96C57D05-7B9C-45F2-B3BA-D5D4D31DEC5B}.Debug|Any CPU.ActiveCfg = Debug|Any CPU
		{96C57D05-7B9C-45F2-B3BA-D5D4D31DEC5B}.Debug|Any CPU.Build.0 = Debug|Any CPU
		{96C57D05-7B9C-45F2-B3BA-D5D4D31DEC5B}.Release|Any CPU.ActiveCfg = Release|Any CPU
		{96C57D05-7B9C-45F2-B3BA-D5D4D31DEC5B}.Release|Any CPU.Build.0 = Release|Any CPU
		{F6CFE7D3-B4B3-4D16-9050-BFEE5985FB7F}.Debug|Any CPU.ActiveCfg = Debug|Any CPU
		{F6CFE7D3-B4B3-4D16-9050-BFEE5985FB7F}.Debug|Any CPU.Build.0 = Debug|Any CPU
		{F6CFE7D3-B4B3-4D16-9050-BFEE5985FB7F}.Release|Any CPU.ActiveCfg = Release|Any CPU
		{F6CFE7D3-B4B3-4D16-9050-BFEE5985FB7F}.Release|Any CPU.Build.0 = Release|Any CPU
		{541590E1-4C75-43D0-83B5-38DD9E4DE1A3}.Debug|Any CPU.ActiveCfg = Debug|Any CPU
		{541590E1-4C75-43D0-83B5-38DD9E4DE1A3}.Debug|Any CPU.Build.0 = Debug|Any CPU
		{541590E1-4C75-43D0-83B5-38DD9E4DE1A3}.Release|Any CPU.ActiveCfg = Release|Any CPU
		{541590E1-4C75-43D0-83B5-38DD9E4DE1A3}.Release|Any CPU.Build.0 = Release|Any CPU
		{82D4BCA5-6968-4EFF-AD50-7C5E803E3528}.Debug|Any CPU.ActiveCfg = Debug|Any CPU
		{82D4BCA5-6968-4EFF-AD50-7C5E803E3528}.Debug|Any CPU.Build.0 = Debug|Any CPU
		{82D4BCA5-6968-4EFF-AD50-7C5E803E3528}.Release|Any CPU.ActiveCfg = Release|Any CPU
		{82D4BCA5-6968-4EFF-AD50-7C5E803E3528}.Release|Any CPU.Build.0 = Release|Any CPU
		{EA57BEA8-4DF8-474A-B1B5-83900AA6CD51}.Debug|Any CPU.ActiveCfg = Debug|Any CPU
		{EA57BEA8-4DF8-474A-B1B5-83900AA6CD51}.Debug|Any CPU.Build.0 = Debug|Any CPU
		{EA57BEA8-4DF8-474A-B1B5-83900AA6CD51}.Release|Any CPU.ActiveCfg = Release|Any CPU
		{EA57BEA8-4DF8-474A-B1B5-83900AA6CD51}.Release|Any CPU.Build.0 = Release|Any CPU
		{2F404B97-9EBE-40A6-9D41-919B0A7BBF14}.Debug|Any CPU.ActiveCfg = Debug|Any CPU
		{2F404B97-9EBE-40A6-9D41-919B0A7BBF14}.Debug|Any CPU.Build.0 = Debug|Any CPU
		{2F404B97-9EBE-40A6-9D41-919B0A7BBF14}.Release|Any CPU.ActiveCfg = Release|Any CPU
		{2F404B97-9EBE-40A6-9D41-919B0A7BBF14}.Release|Any CPU.Build.0 = Release|Any CPU
		{FCE2B9EE-D61D-4767-AA01-17932B6C0042}.Debug|Any CPU.ActiveCfg = Debug|Any CPU
		{FCE2B9EE-D61D-4767-AA01-17932B6C0042}.Debug|Any CPU.Build.0 = Debug|Any CPU
		{FCE2B9EE-D61D-4767-AA01-17932B6C0042}.Release|Any CPU.ActiveCfg = Release|Any CPU
		{FCE2B9EE-D61D-4767-AA01-17932B6C0042}.Release|Any CPU.Build.0 = Release|Any CPU
		{CBCC3CD3-1E57-4898-B72E-E3CE1A9DFCCF}.Debug|Any CPU.ActiveCfg = Debug|Any CPU
		{CBCC3CD3-1E57-4898-B72E-E3CE1A9DFCCF}.Debug|Any CPU.Build.0 = Debug|Any CPU
		{CBCC3CD3-1E57-4898-B72E-E3CE1A9DFCCF}.Release|Any CPU.ActiveCfg = Release|Any CPU
		{CBCC3CD3-1E57-4898-B72E-E3CE1A9DFCCF}.Release|Any CPU.Build.0 = Release|Any CPU
		{479DD7F2-4D56-4146-8557-99A62A775EED}.Debug|Any CPU.ActiveCfg = Debug|Any CPU
		{479DD7F2-4D56-4146-8557-99A62A775EED}.Debug|Any CPU.Build.0 = Debug|Any CPU
		{479DD7F2-4D56-4146-8557-99A62A775EED}.Release|Any CPU.ActiveCfg = Release|Any CPU
		{479DD7F2-4D56-4146-8557-99A62A775EED}.Release|Any CPU.Build.0 = Release|Any CPU
		{4A45FC84-ADE2-411A-BA68-F20B5920B779}.Debug|Any CPU.ActiveCfg = Debug|Any CPU
		{4A45FC84-ADE2-411A-BA68-F20B5920B779}.Debug|Any CPU.Build.0 = Debug|Any CPU
		{4A45FC84-ADE2-411A-BA68-F20B5920B779}.Release|Any CPU.ActiveCfg = Release|Any CPU
		{4A45FC84-ADE2-411A-BA68-F20B5920B779}.Release|Any CPU.Build.0 = Release|Any CPU
		{1D1CB143-1B81-471B-8077-442CAFDA27B8}.Debug|Any CPU.ActiveCfg = Debug|Any CPU
		{1D1CB143-1B81-471B-8077-442CAFDA27B8}.Debug|Any CPU.Build.0 = Debug|Any CPU
		{1D1CB143-1B81-471B-8077-442CAFDA27B8}.Release|Any CPU.ActiveCfg = Release|Any CPU
		{1D1CB143-1B81-471B-8077-442CAFDA27B8}.Release|Any CPU.Build.0 = Release|Any CPU
		{011B95FB-7A7D-4949-B2CB-ADD4DDAE9727}.Debug|Any CPU.ActiveCfg = Debug|Any CPU
		{011B95FB-7A7D-4949-B2CB-ADD4DDAE9727}.Debug|Any CPU.Build.0 = Debug|Any CPU
		{011B95FB-7A7D-4949-B2CB-ADD4DDAE9727}.Release|Any CPU.ActiveCfg = Release|Any CPU
		{011B95FB-7A7D-4949-B2CB-ADD4DDAE9727}.Release|Any CPU.Build.0 = Release|Any CPU
		{9ABE5AB8-FF56-4039-9E68-5818F5A1C41F}.Debug|Any CPU.ActiveCfg = Debug|Any CPU
		{9ABE5AB8-FF56-4039-9E68-5818F5A1C41F}.Debug|Any CPU.Build.0 = Debug|Any CPU
		{9ABE5AB8-FF56-4039-9E68-5818F5A1C41F}.Release|Any CPU.ActiveCfg = Release|Any CPU
		{9ABE5AB8-FF56-4039-9E68-5818F5A1C41F}.Release|Any CPU.Build.0 = Release|Any CPU
		{8F85E9B0-8D05-4B2F-9ED7-F6AE04D9C1F6}.Debug|Any CPU.ActiveCfg = Debug|Any CPU
		{8F85E9B0-8D05-4B2F-9ED7-F6AE04D9C1F6}.Debug|Any CPU.Build.0 = Debug|Any CPU
		{8F85E9B0-8D05-4B2F-9ED7-F6AE04D9C1F6}.Release|Any CPU.ActiveCfg = Release|Any CPU
		{8F85E9B0-8D05-4B2F-9ED7-F6AE04D9C1F6}.Release|Any CPU.Build.0 = Release|Any CPU
		{81BEF6A5-B98C-47A7-AD3E-7CB4B9307848}.Debug|Any CPU.ActiveCfg = Debug|Any CPU
		{81BEF6A5-B98C-47A7-AD3E-7CB4B9307848}.Debug|Any CPU.Build.0 = Debug|Any CPU
		{81BEF6A5-B98C-47A7-AD3E-7CB4B9307848}.Release|Any CPU.ActiveCfg = Release|Any CPU
		{81BEF6A5-B98C-47A7-AD3E-7CB4B9307848}.Release|Any CPU.Build.0 = Release|Any CPU
		{7BB0D369-42EE-46FF-B9BB-4D5CE334FCD7}.Debug|Any CPU.ActiveCfg = Debug|Any CPU
		{7BB0D369-42EE-46FF-B9BB-4D5CE334FCD7}.Debug|Any CPU.Build.0 = Debug|Any CPU
		{7BB0D369-42EE-46FF-B9BB-4D5CE334FCD7}.Release|Any CPU.ActiveCfg = Release|Any CPU
		{7BB0D369-42EE-46FF-B9BB-4D5CE334FCD7}.Release|Any CPU.Build.0 = Release|Any CPU
		{FE3A420A-9B7B-4BA4-A6FE-2E16D0F1A381}.Debug|Any CPU.ActiveCfg = Debug|Any CPU
		{FE3A420A-9B7B-4BA4-A6FE-2E16D0F1A381}.Debug|Any CPU.Build.0 = Debug|Any CPU
		{FE3A420A-9B7B-4BA4-A6FE-2E16D0F1A381}.Release|Any CPU.ActiveCfg = Release|Any CPU
		{FE3A420A-9B7B-4BA4-A6FE-2E16D0F1A381}.Release|Any CPU.Build.0 = Release|Any CPU
		{43F15DEC-67B5-4329-B063-D164F13852A4}.Debug|Any CPU.ActiveCfg = Debug|Any CPU
		{43F15DEC-67B5-4329-B063-D164F13852A4}.Debug|Any CPU.Build.0 = Debug|Any CPU
		{43F15DEC-67B5-4329-B063-D164F13852A4}.Release|Any CPU.ActiveCfg = Release|Any CPU
		{43F15DEC-67B5-4329-B063-D164F13852A4}.Release|Any CPU.Build.0 = Release|Any CPU
		{D2E4F1E1-74C4-4107-917B-DBA3BDBC0FA3}.Debug|Any CPU.ActiveCfg = Debug|Any CPU
		{D2E4F1E1-74C4-4107-917B-DBA3BDBC0FA3}.Debug|Any CPU.Build.0 = Debug|Any CPU
		{D2E4F1E1-74C4-4107-917B-DBA3BDBC0FA3}.Release|Any CPU.ActiveCfg = Release|Any CPU
		{D2E4F1E1-74C4-4107-917B-DBA3BDBC0FA3}.Release|Any CPU.Build.0 = Release|Any CPU
		{46EEA9F4-3543-495B-BCD8-5BD3410A902F}.Debug|Any CPU.ActiveCfg = Debug|Any CPU
		{46EEA9F4-3543-495B-BCD8-5BD3410A902F}.Debug|Any CPU.Build.0 = Debug|Any CPU
		{46EEA9F4-3543-495B-BCD8-5BD3410A902F}.Release|Any CPU.ActiveCfg = Release|Any CPU
		{46EEA9F4-3543-495B-BCD8-5BD3410A902F}.Release|Any CPU.Build.0 = Release|Any CPU
		{797D4CEC-4761-4BB5-96EB-02867E7B632A}.Debug|Any CPU.ActiveCfg = Debug|Any CPU
		{797D4CEC-4761-4BB5-96EB-02867E7B632A}.Debug|Any CPU.Build.0 = Debug|Any CPU
		{797D4CEC-4761-4BB5-96EB-02867E7B632A}.Release|Any CPU.ActiveCfg = Release|Any CPU
		{797D4CEC-4761-4BB5-96EB-02867E7B632A}.Release|Any CPU.Build.0 = Release|Any CPU
		{EDA57141-B9C3-49CB-AD62-3FFC8ADFA320}.Debug|Any CPU.ActiveCfg = Debug|Any CPU
		{EDA57141-B9C3-49CB-AD62-3FFC8ADFA320}.Debug|Any CPU.Build.0 = Debug|Any CPU
		{EDA57141-B9C3-49CB-AD62-3FFC8ADFA320}.Release|Any CPU.ActiveCfg = Release|Any CPU
		{EDA57141-B9C3-49CB-AD62-3FFC8ADFA320}.Release|Any CPU.Build.0 = Release|Any CPU
		{40F12E40-F18C-4D88-BEDB-1E1B928FCDDF}.Debug|Any CPU.ActiveCfg = Debug|Any CPU
		{40F12E40-F18C-4D88-BEDB-1E1B928FCDDF}.Debug|Any CPU.Build.0 = Debug|Any CPU
		{40F12E40-F18C-4D88-BEDB-1E1B928FCDDF}.Release|Any CPU.ActiveCfg = Release|Any CPU
		{40F12E40-F18C-4D88-BEDB-1E1B928FCDDF}.Release|Any CPU.Build.0 = Release|Any CPU
		{DC241756-B63E-4411-BE09-C13D6F430111}.Debug|Any CPU.ActiveCfg = Debug|Any CPU
		{DC241756-B63E-4411-BE09-C13D6F430111}.Debug|Any CPU.Build.0 = Debug|Any CPU
		{DC241756-B63E-4411-BE09-C13D6F430111}.Release|Any CPU.ActiveCfg = Release|Any CPU
		{DC241756-B63E-4411-BE09-C13D6F430111}.Release|Any CPU.Build.0 = Release|Any CPU
		{EBF8925D-F9D3-41E2-B673-DED909ADDBFF}.Debug|Any CPU.ActiveCfg = Debug|Any CPU
		{EBF8925D-F9D3-41E2-B673-DED909ADDBFF}.Debug|Any CPU.Build.0 = Debug|Any CPU
		{EBF8925D-F9D3-41E2-B673-DED909ADDBFF}.Release|Any CPU.ActiveCfg = Release|Any CPU
		{EBF8925D-F9D3-41E2-B673-DED909ADDBFF}.Release|Any CPU.Build.0 = Release|Any CPU
		{58DF278D-9510-45DE-AEF0-4FDA2D851571}.Debug|Any CPU.ActiveCfg = Debug|Any CPU
		{58DF278D-9510-45DE-AEF0-4FDA2D851571}.Debug|Any CPU.Build.0 = Debug|Any CPU
		{58DF278D-9510-45DE-AEF0-4FDA2D851571}.Release|Any CPU.ActiveCfg = Release|Any CPU
		{58DF278D-9510-45DE-AEF0-4FDA2D851571}.Release|Any CPU.Build.0 = Release|Any CPU
		{EBE30F85-7FB4-4761-9437-2B8DE49E359E}.Debug|Any CPU.ActiveCfg = Debug|Any CPU
		{EBE30F85-7FB4-4761-9437-2B8DE49E359E}.Debug|Any CPU.Build.0 = Debug|Any CPU
		{EBE30F85-7FB4-4761-9437-2B8DE49E359E}.Release|Any CPU.ActiveCfg = Release|Any CPU
		{EBE30F85-7FB4-4761-9437-2B8DE49E359E}.Release|Any CPU.Build.0 = Release|Any CPU
		{7D8AF735-C421-4FBC-B3AF-FECFC7A4615D}.Debug|Any CPU.ActiveCfg = Debug|Any CPU
		{7D8AF735-C421-4FBC-B3AF-FECFC7A4615D}.Debug|Any CPU.Build.0 = Debug|Any CPU
		{7D8AF735-C421-4FBC-B3AF-FECFC7A4615D}.Release|Any CPU.ActiveCfg = Release|Any CPU
		{7D8AF735-C421-4FBC-B3AF-FECFC7A4615D}.Release|Any CPU.Build.0 = Release|Any CPU
		{E9A01F9D-D9EA-4A2A-B2AF-291E8A241C8E}.Debug|Any CPU.ActiveCfg = Debug|Any CPU
		{E9A01F9D-D9EA-4A2A-B2AF-291E8A241C8E}.Debug|Any CPU.Build.0 = Debug|Any CPU
		{E9A01F9D-D9EA-4A2A-B2AF-291E8A241C8E}.Release|Any CPU.ActiveCfg = Release|Any CPU
		{E9A01F9D-D9EA-4A2A-B2AF-291E8A241C8E}.Release|Any CPU.Build.0 = Release|Any CPU
		{0D35F1A3-CE30-43E1-BC0A-3514557561F0}.Debug|Any CPU.ActiveCfg = Debug|Any CPU
		{0D35F1A3-CE30-43E1-BC0A-3514557561F0}.Debug|Any CPU.Build.0 = Debug|Any CPU
		{0D35F1A3-CE30-43E1-BC0A-3514557561F0}.Release|Any CPU.ActiveCfg = Release|Any CPU
		{0D35F1A3-CE30-43E1-BC0A-3514557561F0}.Release|Any CPU.Build.0 = Release|Any CPU
		{D69CB5B3-71D7-48C0-AE83-6A5CBACBE85C}.Debug|Any CPU.ActiveCfg = Debug|Any CPU
		{D69CB5B3-71D7-48C0-AE83-6A5CBACBE85C}.Debug|Any CPU.Build.0 = Debug|Any CPU
		{D69CB5B3-71D7-48C0-AE83-6A5CBACBE85C}.Release|Any CPU.ActiveCfg = Release|Any CPU
		{D69CB5B3-71D7-48C0-AE83-6A5CBACBE85C}.Release|Any CPU.Build.0 = Release|Any CPU
		{DC2E3945-5288-4345-A1FE-5A430F76721C}.Debug|Any CPU.ActiveCfg = Debug|Any CPU
		{DC2E3945-5288-4345-A1FE-5A430F76721C}.Debug|Any CPU.Build.0 = Debug|Any CPU
		{DC2E3945-5288-4345-A1FE-5A430F76721C}.Release|Any CPU.ActiveCfg = Release|Any CPU
		{DC2E3945-5288-4345-A1FE-5A430F76721C}.Release|Any CPU.Build.0 = Release|Any CPU
		{661C1774-978A-46C6-9916-B3B1B89D2317}.Debug|Any CPU.ActiveCfg = Debug|Any CPU
		{661C1774-978A-46C6-9916-B3B1B89D2317}.Debug|Any CPU.Build.0 = Debug|Any CPU
		{661C1774-978A-46C6-9916-B3B1B89D2317}.Release|Any CPU.ActiveCfg = Release|Any CPU
		{661C1774-978A-46C6-9916-B3B1B89D2317}.Release|Any CPU.Build.0 = Release|Any CPU
		{FDA8495E-B81F-417B-8EFA-AB17284E5497}.Debug|Any CPU.ActiveCfg = Debug|Any CPU
		{FDA8495E-B81F-417B-8EFA-AB17284E5497}.Debug|Any CPU.Build.0 = Debug|Any CPU
		{FDA8495E-B81F-417B-8EFA-AB17284E5497}.Release|Any CPU.ActiveCfg = Release|Any CPU
		{FDA8495E-B81F-417B-8EFA-AB17284E5497}.Release|Any CPU.Build.0 = Release|Any CPU
		{99B08C5D-9745-459B-A2F3-61EEF5328F7E}.Debug|Any CPU.ActiveCfg = Debug|Any CPU
		{99B08C5D-9745-459B-A2F3-61EEF5328F7E}.Debug|Any CPU.Build.0 = Debug|Any CPU
		{99B08C5D-9745-459B-A2F3-61EEF5328F7E}.Release|Any CPU.ActiveCfg = Release|Any CPU
		{99B08C5D-9745-459B-A2F3-61EEF5328F7E}.Release|Any CPU.Build.0 = Release|Any CPU
		{AC8B5914-8171-4C03-9B1D-793CB4F32B19}.Debug|Any CPU.ActiveCfg = Debug|Any CPU
		{AC8B5914-8171-4C03-9B1D-793CB4F32B19}.Debug|Any CPU.Build.0 = Debug|Any CPU
		{AC8B5914-8171-4C03-9B1D-793CB4F32B19}.Release|Any CPU.ActiveCfg = Release|Any CPU
		{AC8B5914-8171-4C03-9B1D-793CB4F32B19}.Release|Any CPU.Build.0 = Release|Any CPU
		{8AD33D07-D2CB-4985-BA78-6E9C5B6A8679}.Debug|Any CPU.ActiveCfg = Debug|Any CPU
		{8AD33D07-D2CB-4985-BA78-6E9C5B6A8679}.Debug|Any CPU.Build.0 = Debug|Any CPU
		{8AD33D07-D2CB-4985-BA78-6E9C5B6A8679}.Release|Any CPU.ActiveCfg = Release|Any CPU
		{8AD33D07-D2CB-4985-BA78-6E9C5B6A8679}.Release|Any CPU.Build.0 = Release|Any CPU
		{8ED8BDF8-4A24-4FF6-8813-D669B4239017}.Debug|Any CPU.ActiveCfg = Debug|Any CPU
		{8ED8BDF8-4A24-4FF6-8813-D669B4239017}.Debug|Any CPU.Build.0 = Debug|Any CPU
		{8ED8BDF8-4A24-4FF6-8813-D669B4239017}.Release|Any CPU.ActiveCfg = Release|Any CPU
		{8ED8BDF8-4A24-4FF6-8813-D669B4239017}.Release|Any CPU.Build.0 = Release|Any CPU
		{58937760-CCF6-4177-93FC-3D57A383FDB4}.Debug|Any CPU.ActiveCfg = Debug|Any CPU
		{58937760-CCF6-4177-93FC-3D57A383FDB4}.Debug|Any CPU.Build.0 = Debug|Any CPU
		{58937760-CCF6-4177-93FC-3D57A383FDB4}.Release|Any CPU.ActiveCfg = Release|Any CPU
		{58937760-CCF6-4177-93FC-3D57A383FDB4}.Release|Any CPU.Build.0 = Release|Any CPU
		{9FA21413-8A6F-41D2-94D6-3C75242327A7}.Debug|Any CPU.ActiveCfg = Debug|Any CPU
		{9FA21413-8A6F-41D2-94D6-3C75242327A7}.Debug|Any CPU.Build.0 = Debug|Any CPU
		{9FA21413-8A6F-41D2-94D6-3C75242327A7}.Release|Any CPU.ActiveCfg = Release|Any CPU
		{9FA21413-8A6F-41D2-94D6-3C75242327A7}.Release|Any CPU.Build.0 = Release|Any CPU
		{2AF4AA64-F783-428F-A98B-F28D185F3574}.Debug|Any CPU.ActiveCfg = Debug|Any CPU
		{2AF4AA64-F783-428F-A98B-F28D185F3574}.Debug|Any CPU.Build.0 = Debug|Any CPU
		{2AF4AA64-F783-428F-A98B-F28D185F3574}.Release|Any CPU.ActiveCfg = Release|Any CPU
		{2AF4AA64-F783-428F-A98B-F28D185F3574}.Release|Any CPU.Build.0 = Release|Any CPU
		{C3F11A92-62C5-44CA-AFA1-52F75D446B3B}.Debug|Any CPU.ActiveCfg = Debug|Any CPU
		{C3F11A92-62C5-44CA-AFA1-52F75D446B3B}.Debug|Any CPU.Build.0 = Debug|Any CPU
		{C3F11A92-62C5-44CA-AFA1-52F75D446B3B}.Release|Any CPU.ActiveCfg = Release|Any CPU
		{C3F11A92-62C5-44CA-AFA1-52F75D446B3B}.Release|Any CPU.Build.0 = Release|Any CPU
		{0E6D3B93-8A59-4B01-AB8A-032DDC41C059}.Debug|Any CPU.ActiveCfg = Debug|Any CPU
		{0E6D3B93-8A59-4B01-AB8A-032DDC41C059}.Debug|Any CPU.Build.0 = Debug|Any CPU
		{0E6D3B93-8A59-4B01-AB8A-032DDC41C059}.Release|Any CPU.ActiveCfg = Release|Any CPU
		{0E6D3B93-8A59-4B01-AB8A-032DDC41C059}.Release|Any CPU.Build.0 = Release|Any CPU
	EndGlobalSection
	GlobalSection(SolutionProperties) = preSolution
		HideSolutionNode = FALSE
	EndGlobalSection
EndGlobal
