
Microsoft Visual Studio Solution File, Format Version 12.00
# Visual Studio 2012
Project("{FAE04EC0-301F-11D3-BF4B-00C04F79EFBC}") = "01.Sum of 3 numbers", "Console Input-Output\01.Sum of 3 numbers.csproj", "{ECBB42CE-DD49-4EAD-9A48-CA706B0A24AF}"
EndProject
Project("{FAE04EC0-301F-11D3-BF4B-00C04F79EFBC}") = "02. Print Company Info", "ConsoleApplication1\02. Print Company Info.csproj", "{736046A9-06B6-40F3-9839-F92F4111601C}"
EndProject
Project("{FAE04EC0-301F-11D3-BF4B-00C04F79EFBC}") = "03. Circle Perimeter and Area", "ConsoleApplication2\03. Circle Perimeter and Area.csproj", "{12651343-B901-4613-9425-9B2F89F57590}"
EndProject
Project("{FAE04EC0-301F-11D3-BF4B-00C04F79EFBC}") = "04.Number comparer", "ConsoleApplication3\04.Number comparer.csproj", "{03B49B11-0097-41AD-8701-8F9C7C064C3D}"
EndProject
Project("{FAE04EC0-301F-11D3-BF4B-00C04F79EFBC}") = "05.Formatting Numbers", "ConsoleApplication4\05.Formatting Numbers.csproj", "{74640CB2-3066-4CAF-B541-7774A61BF7F4}"
EndProject
Project("{FAE04EC0-301F-11D3-BF4B-00C04F79EFBC}") = "06.Quadratic Equation", "ConsoleApplication6\06.Quadratic Equation.csproj", "{A4345157-63C9-4C76-838D-3238EBC8314E}"
EndProject
Project("{FAE04EC0-301F-11D3-BF4B-00C04F79EFBC}") = "07.Sum of 5 numbers", "ConsoleApplication7\07.Sum of 5 numbers.csproj", "{65B225DD-3F9C-493D-A80E-7976D045216F}"
EndProject
Project("{FAE04EC0-301F-11D3-BF4B-00C04F79EFBC}") = "08.Numbers from 1 to n", "ConsoleApplication8\08.Numbers from 1 to n.csproj", "{666524E1-C31A-4092-B186-7FDECF8286CD}"
EndProject
Project("{FAE04EC0-301F-11D3-BF4B-00C04F79EFBC}") = "09.Sum of n Numbers", "ConsoleApplication9\09.Sum of n Numbers.csproj", "{2AE1C46A-ABC5-41E6-B225-8A9EC835EC1E}"
EndProject
Project("{FAE04EC0-301F-11D3-BF4B-00C04F79EFBC}") = "10. Fibonacci numbers", "ConsoleApplication10\10. Fibonacci numbers.csproj", "{3C5B5457-39BE-4B35-A837-A817963815DC}"
EndProject
Project("{FAE04EC0-301F-11D3-BF4B-00C04F79EFBC}") = "11.Intervals", "ConsoleApplication11\11.Intervals.csproj", "{E223009B-95CB-48B9-89F9-8C411EC911A4}"
EndProject
Global
	GlobalSection(SolutionConfigurationPlatforms) = preSolution
		Debug|Any CPU = Debug|Any CPU
		Release|Any CPU = Release|Any CPU
	EndGlobalSection
	GlobalSection(ProjectConfigurationPlatforms) = postSolution
		{ECBB42CE-DD49-4EAD-9A48-CA706B0A24AF}.Debug|Any CPU.ActiveCfg = Debug|Any CPU
		{ECBB42CE-DD49-4EAD-9A48-CA706B0A24AF}.Debug|Any CPU.Build.0 = Debug|Any CPU
		{ECBB42CE-DD49-4EAD-9A48-CA706B0A24AF}.Release|Any CPU.ActiveCfg = Release|Any CPU
		{ECBB42CE-DD49-4EAD-9A48-CA706B0A24AF}.Release|Any CPU.Build.0 = Release|Any CPU
		{736046A9-06B6-40F3-9839-F92F4111601C}.Debug|Any CPU.ActiveCfg = Debug|Any CPU
		{736046A9-06B6-40F3-9839-F92F4111601C}.Debug|Any CPU.Build.0 = Debug|Any CPU
		{736046A9-06B6-40F3-9839-F92F4111601C}.Release|Any CPU.ActiveCfg = Release|Any CPU
		{736046A9-06B6-40F3-9839-F92F4111601C}.Release|Any CPU.Build.0 = Release|Any CPU
		{12651343-B901-4613-9425-9B2F89F57590}.Debug|Any CPU.ActiveCfg = Debug|Any CPU
		{12651343-B901-4613-9425-9B2F89F57590}.Debug|Any CPU.Build.0 = Debug|Any CPU
		{12651343-B901-4613-9425-9B2F89F57590}.Release|Any CPU.ActiveCfg = Release|Any CPU
		{12651343-B901-4613-9425-9B2F89F57590}.Release|Any CPU.Build.0 = Release|Any CPU
		{03B49B11-0097-41AD-8701-8F9C7C064C3D}.Debug|Any CPU.ActiveCfg = Debug|Any CPU
		{03B49B11-0097-41AD-8701-8F9C7C064C3D}.Debug|Any CPU.Build.0 = Debug|Any CPU
		{03B49B11-0097-41AD-8701-8F9C7C064C3D}.Release|Any CPU.ActiveCfg = Release|Any CPU
		{03B49B11-0097-41AD-8701-8F9C7C064C3D}.Release|Any CPU.Build.0 = Release|Any CPU
		{74640CB2-3066-4CAF-B541-7774A61BF7F4}.Debug|Any CPU.ActiveCfg = Debug|Any CPU
		{74640CB2-3066-4CAF-B541-7774A61BF7F4}.Debug|Any CPU.Build.0 = Debug|Any CPU
		{74640CB2-3066-4CAF-B541-7774A61BF7F4}.Release|Any CPU.ActiveCfg = Release|Any CPU
		{74640CB2-3066-4CAF-B541-7774A61BF7F4}.Release|Any CPU.Build.0 = Release|Any CPU
		{A4345157-63C9-4C76-838D-3238EBC8314E}.Debug|Any CPU.ActiveCfg = Debug|Any CPU
		{A4345157-63C9-4C76-838D-3238EBC8314E}.Debug|Any CPU.Build.0 = Debug|Any CPU
		{A4345157-63C9-4C76-838D-3238EBC8314E}.Release|Any CPU.ActiveCfg = Release|Any CPU
		{A4345157-63C9-4C76-838D-3238EBC8314E}.Release|Any CPU.Build.0 = Release|Any CPU
		{65B225DD-3F9C-493D-A80E-7976D045216F}.Debug|Any CPU.ActiveCfg = Debug|Any CPU
		{65B225DD-3F9C-493D-A80E-7976D045216F}.Debug|Any CPU.Build.0 = Debug|Any CPU
		{65B225DD-3F9C-493D-A80E-7976D045216F}.Release|Any CPU.ActiveCfg = Release|Any CPU
		{65B225DD-3F9C-493D-A80E-7976D045216F}.Release|Any CPU.Build.0 = Release|Any CPU
		{666524E1-C31A-4092-B186-7FDECF8286CD}.Debug|Any CPU.ActiveCfg = Debug|Any CPU
		{666524E1-C31A-4092-B186-7FDECF8286CD}.Debug|Any CPU.Build.0 = Debug|Any CPU
		{666524E1-C31A-4092-B186-7FDECF8286CD}.Release|Any CPU.ActiveCfg = Release|Any CPU
		{666524E1-C31A-4092-B186-7FDECF8286CD}.Release|Any CPU.Build.0 = Release|Any CPU
		{2AE1C46A-ABC5-41E6-B225-8A9EC835EC1E}.Debug|Any CPU.ActiveCfg = Debug|Any CPU
		{2AE1C46A-ABC5-41E6-B225-8A9EC835EC1E}.Debug|Any CPU.Build.0 = Debug|Any CPU
		{2AE1C46A-ABC5-41E6-B225-8A9EC835EC1E}.Release|Any CPU.ActiveCfg = Release|Any CPU
		{2AE1C46A-ABC5-41E6-B225-8A9EC835EC1E}.Release|Any CPU.Build.0 = Release|Any CPU
		{3C5B5457-39BE-4B35-A837-A817963815DC}.Debug|Any CPU.ActiveCfg = Debug|Any CPU
		{3C5B5457-39BE-4B35-A837-A817963815DC}.Debug|Any CPU.Build.0 = Debug|Any CPU
		{3C5B5457-39BE-4B35-A837-A817963815DC}.Release|Any CPU.ActiveCfg = Release|Any CPU
		{3C5B5457-39BE-4B35-A837-A817963815DC}.Release|Any CPU.Build.0 = Release|Any CPU
		{E223009B-95CB-48B9-89F9-8C411EC911A4}.Debug|Any CPU.ActiveCfg = Debug|Any CPU
		{E223009B-95CB-48B9-89F9-8C411EC911A4}.Debug|Any CPU.Build.0 = Debug|Any CPU
		{E223009B-95CB-48B9-89F9-8C411EC911A4}.Release|Any CPU.ActiveCfg = Release|Any CPU
		{E223009B-95CB-48B9-89F9-8C411EC911A4}.Release|Any CPU.Build.0 = Release|Any CPU
	EndGlobalSection
	GlobalSection(SolutionProperties) = preSolution
		HideSolutionNode = FALSE
	EndGlobalSection
EndGlobal
